PODS:
  - PAPasscode (1.0)
  - SVProgressHUD (2.2.1)

DEPENDENCIES:
  - PAPasscode
  - SVProgressHUD

SPEC CHECKSUMS:
  PAPasscode: b408fb87c530cad58a554e26482e87dbb14b7bc2
  SVProgressHUD: db27c54e6e18bc903341661fc9feb55e04905cc4

PODFILE CHECKSUM: 73df3b1fec603fdceba483a15a5c9112ebe34772

COCOAPODS: 1.3.1
